
Microsoft Visual Studio Solution File, Format Version 12.00
# Visual Studio Version 17
VisualStudioVersion = 17.4.33122.133
MinimumVisualStudioVersion = 10.0.40219.1
Project("{9A19103F-16F7-4668-BE54-9A1E7A4F7556}") = "Zuljeah", "Zuljeah\Zuljeah.csproj", "{40124A18-EE23-4625-9D2C-8F359A40AAB3}"
EndProject
Project("{9A19103F-16F7-4668-BE54-9A1E7A4F7556}") = "Reaper.Api.Client", "..\Reaper.ApiClient\Reaper.Api.Client\Reaper.Api.Client.csproj", "{4F86E49D-E92C-465A-BF9F-BFC7E240A615}"
EndProject
Global
	GlobalSection(SolutionConfigurationPlatforms) = preSolution
		Debug|Any CPU = Debug|Any CPU
		Release|Any CPU = Release|Any CPU
	EndGlobalSection
	GlobalSection(ProjectConfigurationPlatforms) = postSolution
		{40124A18-EE23-4625-9D2C-8F359A40AAB3}.Debug|Any CPU.ActiveCfg = Debug|Any CPU
		{40124A18-EE23-4625-9D2C-8F359A40AAB3}.Debug|Any CPU.Build.0 = Debug|Any CPU
		{40124A18-EE23-4625-9D2C-8F359A40AAB3}.Release|Any CPU.ActiveCfg = Release|Any CPU
		{40124A18-EE23-4625-9D2C-8F359A40AAB3}.Release|Any CPU.Build.0 = Release|Any CPU
		{4F86E49D-E92C-465A-BF9F-BFC7E240A615}.Debug|Any CPU.ActiveCfg = Debug|Any CPU
		{4F86E49D-E92C-465A-BF9F-BFC7E240A615}.Debug|Any CPU.Build.0 = Debug|Any CPU
		{4F86E49D-E92C-465A-BF9F-BFC7E240A615}.Release|Any CPU.ActiveCfg = Release|Any CPU
		{4F86E49D-E92C-465A-BF9F-BFC7E240A615}.Release|Any CPU.Build.0 = Release|Any CPU
	EndGlobalSection
	GlobalSection(SolutionProperties) = preSolution
		HideSolutionNode = FALSE
	EndGlobalSection
	GlobalSection(ExtensibilityGlobals) = postSolution
		SolutionGuid = {58B8D75F-81D6-4C34-B6F4-DDC8271DBC11}
	EndGlobalSection
EndGlobal
